# Generated by pub
# See https://dart.dev/tools/pub/glossary#lockfile
packages:
  characters:
    dependency: transitive
    description:
      name: characters
      sha256: f71061c654a3380576a52b451dd5532377954cf9dbd272a78fc8479606670803
      url: "https://mirrors.tuna.tsinghua.edu.cn/dart-pub/"
    source: hosted
    version: "1.4.0"
  collection:
    dependency: transitive
    description:
      name: collection
      sha256: "2f5709ae4d3d59dd8f7cd309b4e023046b57d8a6c82130785d2b0e5868084e76"
      url: "https://mirrors.tuna.tsinghua.edu.cn/dart-pub/"
    source: hosted
    version: "1.19.1"
  flutter:
    dependency: "direct main"
    description: flutter
    source: sdk
    version: "0.0.0"
  flutter_vlc_player:
    dependency: "direct main"
    description:
      name: flutter_vlc_player
      sha256: c2554ae0de8133ff5c6d174381f8097f482cdb51ea5aa75d03ee139b71490b53
      url: "https://mirrors.tuna.tsinghua.edu.cn/dart-pub/"
    source: hosted
    version: "7.4.3"
  flutter_vlc_player_platform_interface:
    dependency: transitive
    description:
      name: flutter_vlc_player_platform_interface
      sha256: "99fbb806f86ce1c53ba007157c183104a100aa643eda0cec7e71118bf0460578"
      url: "https://mirrors.tuna.tsinghua.edu.cn/dart-pub/"
    source: hosted
    version: "2.0.5"
  flutter_web_plugins:
    dependency: transitive
    description: flutter
    source: sdk
    version: "0.0.0"
  go_router:
    dependency: "direct main"
    description:
      name: go_router
      sha256: e1a30a66d734f9e498b1b6522d6a75ded28242bad2359a9158df38a1c30bcf1f
      url: "https://mirrors.tuna.tsinghua.edu.cn/dart-pub/"
    source: hosted
    version: "10.2.0"
  logging:
    dependency: transitive
    description:
      name: logging
      sha256: c8245ada5f1717ed44271ed1c26b8ce85ca3228fd2ffdb75468ab01979309d61
      url: "https://mirrors.tuna.tsinghua.edu.cn/dart-pub/"
    source: hosted
    version: "1.3.0"
  material_color_utilities:
    dependency: transitive
    description:
      name: material_color_utilities
      sha256: f7142bb1154231d7ea5f96bc7bde4bda2a0945d2806bb11670e30b850d56bdec
      url: "https://mirrors.tuna.tsinghua.edu.cn/dart-pub/"
    source: hosted
    version: "0.11.1"
  meta:
    dependency: transitive
    description:
      name: meta
      sha256: e3641ec5d63ebf0d9b41bd43201a66e3fc79a65db5f61fc181f04cd27aab950c
      url: "https://mirrors.tuna.tsinghua.edu.cn/dart-pub/"
    source: hosted
    version: "1.16.0"
  plugin_platform_interface:
    dependency: transitive
    description:
      name: plugin_platform_interface
      sha256: "4820fbfdb9478b1ebae27888254d445073732dae3d6ea81f0b7e06d5dedc3f02"
      url: "https://mirrors.tuna.tsinghua.edu.cn/dart-pub/"
    source: hosted
    version: "2.1.8"
  sky_engine:
    dependency: transitive
    description: flutter
    source: sdk
    version: "0.0.0"
  vector_math:
    dependency: transitive
    description:
      name: vector_math
      sha256: "80b3257d1492ce4d091729e3a67a60407d227c27241d6927be0130c98e741803"
      url: "https://mirrors.tuna.tsinghua.edu.cn/dart-pub/"
    source: hosted
    version: "2.1.4"
sdks:
  dart: ">=3.7.0 <4.0.0"
  flutter: ">=3.7.0"
